
Microsoft Visual Studio Solution File, Format Version 12.00
# Visual Studio Version 17
VisualStudioVersion = 17.10.35122.118
MinimumVisualStudioVersion = 10.0.40219.1
Project("{9A19103F-16F7-4668-BE54-9A1E7A4F7556}") = "Hotels", "Hotels\Hotels.csproj", "{E8F14E24-B653-4BA4-AFA1-43BFA66177A9}"
EndProject
Project("{9A19103F-16F7-4668-BE54-9A1E7A4F7556}") = "Hotels.Domain", "Domain\Hotels.Domain.csproj", "{4AA6A2F8-1F42-49B0-80F1-10CCA992377B}"
EndProject
Project("{2150E333-8FDC-42A3-9474-1A3956D46DE8}") = "Core", "Core", "{B36CCC0B-739B-4848-86AE-B613225B5B6A}"
EndProject
Project("{9A19103F-16F7-4668-BE54-9A1E7A4F7556}") = "Hotels.Application", "Hotels.Application\Hotels.Application.csproj", "{7C8A8D7C-2532-488A-AF50-37EA8F1F0504}"
EndProject
Project("{2150E333-8FDC-42A3-9474-1A3956D46DE8}") = "Infrastructure", "Infrastructure", "{F684DB26-C4C2-4A79-A9C4-23C57AB5BB5C}"
EndProject
Project("{9A19103F-16F7-4668-BE54-9A1E7A4F7556}") = "Hotels.Infrastructure", "Hotels.Infrastructure\Hotels.Infrastructure.csproj", "{1B725E27-15E1-4AB6-AE4F-00C27C7263DE}"
EndProject
Project("{9A19103F-16F7-4668-BE54-9A1E7A4F7556}") = "Hotels.Persistence", "Hotels.Persistence\Hotels.Persistence.csproj", "{6384D0C4-25B3-4DD9-9DD4-9537C441C337}"
EndProject
Project("{2150E333-8FDC-42A3-9474-1A3956D46DE8}") = "Presentation", "Presentation", "{7F9BB89F-8EDC-4696-8650-7EF7E0FBD43C}"
EndProject
Project("{9A19103F-16F7-4668-BE54-9A1E7A4F7556}") = "Hotels.Presentation", "Hotels.Presentation\Hotels.Presentation.csproj", "{943FE6D0-5236-483D-B537-86EFD4C1070E}"
EndProject
Project("{2150E333-8FDC-42A3-9474-1A3956D46DE8}") = "Tests", "Tests", "{61F7AFE4-FFE5-4854-BF0E-CA09C2A0EA1F}"
EndProject
Project("{FAE04EC0-301F-11D3-BF4B-00C04F79EFBC}") = "Hotels.Unit.Tests", "Hotels.Unit.Tests\Hotels.Unit.Tests.csproj", "{361DFE18-7FF6-4CD8-B996-6BD41496699D}"
EndProject
Project("{2150E333-8FDC-42A3-9474-1A3956D46DE8}") = "Monolith", "Monolith", "{B7BB1CC9-E11B-4D1C-AA28-6C047E4786BB}"
EndProject
Project("{2150E333-8FDC-42A3-9474-1A3956D46DE8}") = "Bookings", "Bookings", "{0D3C5DD0-E853-45A1-8775-4F3184D17A03}"
EndProject
Project("{FAE04EC0-301F-11D3-BF4B-00C04F79EFBC}") = "Hotels.BookingsService", "BookingService\Hotels.BookingsService.csproj", "{F068102E-21BE-495F-8D60-40E0E2D29B83}"
EndProject
Project("{FAE04EC0-301F-11D3-BF4B-00C04F79EFBC}") = "Hotels.Bookings.Persistence", "Hotels.Booking.Persistence\Hotels.Bookings.Persistence.csproj", "{BBA525D2-6E35-4E0D-9323-BE7EB322646C}"
EndProject
Project("{2150E333-8FDC-42A3-9474-1A3956D46DE8}") = "Infrastructure", "Infrastructure", "{07055596-F9DC-4FD7-8EF6-04B3B5E2B0E3}"
EndProject
Project("{2150E333-8FDC-42A3-9474-1A3956D46DE8}") = "Presentation", "Presentation", "{594EF6D6-D998-413C-B52A-4BC24E788FDE}"
EndProject
Project("{FAE04EC0-301F-11D3-BF4B-00C04F79EFBC}") = "Hotels.Bookings.Infrastructure", "Hotels.Bookings.Infrastructure\Hotels.Bookings.Infrastructure.csproj", "{68B7DDFC-DE68-444F-980F-64C22EA6AD13}"
EndProject
Project("{2150E333-8FDC-42A3-9474-1A3956D46DE8}") = "ApiGateway", "ApiGateway", "{82C46CC1-189A-4A56-9B0F-82E855036363}"
EndProject
Project("{FAE04EC0-301F-11D3-BF4B-00C04F79EFBC}") = "Hotels.ApiGateway", "Hotels.ApiGateway\Hotels.ApiGateway.csproj", "{366AA15E-19DC-49F1-BB74-5737E85A8C25}"
EndProject
Project("{E53339B2-1760-4266-BCC7-CA923CBCF16C}") = "docker-compose", "docker-compose.dcproj", "{295B0836-A77A-464B-9B57-9123227E5767}"
EndProject
Project("{2150E333-8FDC-42A3-9474-1A3956D46DE8}") = "PartnerReviews", "PartnerReviews", "{1A35E525-AD36-4E4F-9ED5-16DAEDDB7420}"
EndProject
Project("{FAE04EC0-301F-11D3-BF4B-00C04F79EFBC}") = "Hotels.PartnerReviews", "Hotels.PartnerReviews\Hotels.PartnerReviews.csproj", "{E6874EF0-3D6D-4AB7-BD1C-8D96E3FC52C4}"
EndProject
Project("{2150E333-8FDC-42A3-9474-1A3956D46DE8}") = "Presentation", "Presentation", "{9ECE5BE1-4D21-434F-9724-D1D41CF7B818}"
EndProject
Project("{2150E333-8FDC-42A3-9474-1A3956D46DE8}") = "Infrastructure", "Infrastructure", "{F02930D6-1041-4168-A1C5-FF34407742DE}"
EndProject
Project("{FAE04EC0-301F-11D3-BF4B-00C04F79EFBC}") = "Hotels.PartnerReviews.Persistence", "Hotels.PartnerReviews.Persistence\Hotels.PartnerReviews.Persistence.csproj", "{D85CF151-B225-4951-AA5A-1177EA469627}"
EndProject
Project("{FAE04EC0-301F-11D3-BF4B-00C04F79EFBC}") = "Hotels.PartnerReviews.Infrastructure", "Hotels.PartnerReviews.Infrastructure\Hotels.PartnerReviews.Infrastructure.csproj", "{92DBD5CF-371A-4274-A213-1EE6E59183E4}"
EndProject
Global
	GlobalSection(SolutionConfigurationPlatforms) = preSolution
		Debug|Any CPU = Debug|Any CPU
		Release|Any CPU = Release|Any CPU
	EndGlobalSection
	GlobalSection(ProjectConfigurationPlatforms) = postSolution
		{E8F14E24-B653-4BA4-AFA1-43BFA66177A9}.Debug|Any CPU.ActiveCfg = Debug|Any CPU
		{E8F14E24-B653-4BA4-AFA1-43BFA66177A9}.Debug|Any CPU.Build.0 = Debug|Any CPU
		{E8F14E24-B653-4BA4-AFA1-43BFA66177A9}.Release|Any CPU.ActiveCfg = Release|Any CPU
		{E8F14E24-B653-4BA4-AFA1-43BFA66177A9}.Release|Any CPU.Build.0 = Release|Any CPU
		{4AA6A2F8-1F42-49B0-80F1-10CCA992377B}.Debug|Any CPU.ActiveCfg = Debug|Any CPU
		{4AA6A2F8-1F42-49B0-80F1-10CCA992377B}.Debug|Any CPU.Build.0 = Debug|Any CPU
		{4AA6A2F8-1F42-49B0-80F1-10CCA992377B}.Release|Any CPU.ActiveCfg = Release|Any CPU
		{4AA6A2F8-1F42-49B0-80F1-10CCA992377B}.Release|Any CPU.Build.0 = Release|Any CPU
		{7C8A8D7C-2532-488A-AF50-37EA8F1F0504}.Debug|Any CPU.ActiveCfg = Debug|Any CPU
		{7C8A8D7C-2532-488A-AF50-37EA8F1F0504}.Debug|Any CPU.Build.0 = Debug|Any CPU
		{7C8A8D7C-2532-488A-AF50-37EA8F1F0504}.Release|Any CPU.ActiveCfg = Release|Any CPU
		{7C8A8D7C-2532-488A-AF50-37EA8F1F0504}.Release|Any CPU.Build.0 = Release|Any CPU
		{1B725E27-15E1-4AB6-AE4F-00C27C7263DE}.Debug|Any CPU.ActiveCfg = Debug|Any CPU
		{1B725E27-15E1-4AB6-AE4F-00C27C7263DE}.Debug|Any CPU.Build.0 = Debug|Any CPU
		{1B725E27-15E1-4AB6-AE4F-00C27C7263DE}.Release|Any CPU.ActiveCfg = Release|Any CPU
		{1B725E27-15E1-4AB6-AE4F-00C27C7263DE}.Release|Any CPU.Build.0 = Release|Any CPU
		{6384D0C4-25B3-4DD9-9DD4-9537C441C337}.Debug|Any CPU.ActiveCfg = Debug|Any CPU
		{6384D0C4-25B3-4DD9-9DD4-9537C441C337}.Debug|Any CPU.Build.0 = Debug|Any CPU
		{6384D0C4-25B3-4DD9-9DD4-9537C441C337}.Release|Any CPU.ActiveCfg = Release|Any CPU
		{6384D0C4-25B3-4DD9-9DD4-9537C441C337}.Release|Any CPU.Build.0 = Release|Any CPU
		{943FE6D0-5236-483D-B537-86EFD4C1070E}.Debug|Any CPU.ActiveCfg = Debug|Any CPU
		{943FE6D0-5236-483D-B537-86EFD4C1070E}.Debug|Any CPU.Build.0 = Debug|Any CPU
		{943FE6D0-5236-483D-B537-86EFD4C1070E}.Release|Any CPU.ActiveCfg = Release|Any CPU
		{943FE6D0-5236-483D-B537-86EFD4C1070E}.Release|Any CPU.Build.0 = Release|Any CPU
		{361DFE18-7FF6-4CD8-B996-6BD41496699D}.Debug|Any CPU.ActiveCfg = Debug|Any CPU
		{361DFE18-7FF6-4CD8-B996-6BD41496699D}.Debug|Any CPU.Build.0 = Debug|Any CPU
		{361DFE18-7FF6-4CD8-B996-6BD41496699D}.Release|Any CPU.ActiveCfg = Release|Any CPU
		{361DFE18-7FF6-4CD8-B996-6BD41496699D}.Release|Any CPU.Build.0 = Release|Any CPU
		{F068102E-21BE-495F-8D60-40E0E2D29B83}.Debug|Any CPU.ActiveCfg = Debug|Any CPU
		{F068102E-21BE-495F-8D60-40E0E2D29B83}.Debug|Any CPU.Build.0 = Debug|Any CPU
		{F068102E-21BE-495F-8D60-40E0E2D29B83}.Release|Any CPU.ActiveCfg = Release|Any CPU
		{F068102E-21BE-495F-8D60-40E0E2D29B83}.Release|Any CPU.Build.0 = Release|Any CPU
		{BBA525D2-6E35-4E0D-9323-BE7EB322646C}.Debug|Any CPU.ActiveCfg = Debug|Any CPU
		{BBA525D2-6E35-4E0D-9323-BE7EB322646C}.Debug|Any CPU.Build.0 = Debug|Any CPU
		{BBA525D2-6E35-4E0D-9323-BE7EB322646C}.Release|Any CPU.ActiveCfg = Release|Any CPU
		{BBA525D2-6E35-4E0D-9323-BE7EB322646C}.Release|Any CPU.Build.0 = Release|Any CPU
		{68B7DDFC-DE68-444F-980F-64C22EA6AD13}.Debug|Any CPU.ActiveCfg = Debug|Any CPU
		{68B7DDFC-DE68-444F-980F-64C22EA6AD13}.Debug|Any CPU.Build.0 = Debug|Any CPU
		{68B7DDFC-DE68-444F-980F-64C22EA6AD13}.Release|Any CPU.ActiveCfg = Release|Any CPU
		{68B7DDFC-DE68-444F-980F-64C22EA6AD13}.Release|Any CPU.Build.0 = Release|Any CPU
		{366AA15E-19DC-49F1-BB74-5737E85A8C25}.Debug|Any CPU.ActiveCfg = Debug|Any CPU
		{366AA15E-19DC-49F1-BB74-5737E85A8C25}.Debug|Any CPU.Build.0 = Debug|Any CPU
		{366AA15E-19DC-49F1-BB74-5737E85A8C25}.Release|Any CPU.ActiveCfg = Release|Any CPU
		{366AA15E-19DC-49F1-BB74-5737E85A8C25}.Release|Any CPU.Build.0 = Release|Any CPU
		{295B0836-A77A-464B-9B57-9123227E5767}.Debug|Any CPU.ActiveCfg = Debug|Any CPU
		{295B0836-A77A-464B-9B57-9123227E5767}.Debug|Any CPU.Build.0 = Debug|Any CPU
		{295B0836-A77A-464B-9B57-9123227E5767}.Release|Any CPU.ActiveCfg = Release|Any CPU
		{295B0836-A77A-464B-9B57-9123227E5767}.Release|Any CPU.Build.0 = Release|Any CPU
		{E6874EF0-3D6D-4AB7-BD1C-8D96E3FC52C4}.Debug|Any CPU.ActiveCfg = Debug|Any CPU
		{E6874EF0-3D6D-4AB7-BD1C-8D96E3FC52C4}.Debug|Any CPU.Build.0 = Debug|Any CPU
		{E6874EF0-3D6D-4AB7-BD1C-8D96E3FC52C4}.Release|Any CPU.ActiveCfg = Release|Any CPU
		{E6874EF0-3D6D-4AB7-BD1C-8D96E3FC52C4}.Release|Any CPU.Build.0 = Release|Any CPU
		{D85CF151-B225-4951-AA5A-1177EA469627}.Debug|Any CPU.ActiveCfg = Debug|Any CPU
		{D85CF151-B225-4951-AA5A-1177EA469627}.Debug|Any CPU.Build.0 = Debug|Any CPU
		{D85CF151-B225-4951-AA5A-1177EA469627}.Release|Any CPU.ActiveCfg = Release|Any CPU
		{D85CF151-B225-4951-AA5A-1177EA469627}.Release|Any CPU.Build.0 = Release|Any CPU
		{92DBD5CF-371A-4274-A213-1EE6E59183E4}.Debug|Any CPU.ActiveCfg = Debug|Any CPU
		{92DBD5CF-371A-4274-A213-1EE6E59183E4}.Debug|Any CPU.Build.0 = Debug|Any CPU
		{92DBD5CF-371A-4274-A213-1EE6E59183E4}.Release|Any CPU.ActiveCfg = Release|Any CPU
		{92DBD5CF-371A-4274-A213-1EE6E59183E4}.Release|Any CPU.Build.0 = Release|Any CPU
	EndGlobalSection
	GlobalSection(SolutionProperties) = preSolution
		HideSolutionNode = FALSE
	EndGlobalSection
	GlobalSection(NestedProjects) = preSolution
		{E8F14E24-B653-4BA4-AFA1-43BFA66177A9} = {7F9BB89F-8EDC-4696-8650-7EF7E0FBD43C}
		{4AA6A2F8-1F42-49B0-80F1-10CCA992377B} = {B36CCC0B-739B-4848-86AE-B613225B5B6A}
		{7C8A8D7C-2532-488A-AF50-37EA8F1F0504} = {B36CCC0B-739B-4848-86AE-B613225B5B6A}
		{F684DB26-C4C2-4A79-A9C4-23C57AB5BB5C} = {B7BB1CC9-E11B-4D1C-AA28-6C047E4786BB}
		{1B725E27-15E1-4AB6-AE4F-00C27C7263DE} = {F684DB26-C4C2-4A79-A9C4-23C57AB5BB5C}
		{6384D0C4-25B3-4DD9-9DD4-9537C441C337} = {F684DB26-C4C2-4A79-A9C4-23C57AB5BB5C}
		{7F9BB89F-8EDC-4696-8650-7EF7E0FBD43C} = {B7BB1CC9-E11B-4D1C-AA28-6C047E4786BB}
		{943FE6D0-5236-483D-B537-86EFD4C1070E} = {7F9BB89F-8EDC-4696-8650-7EF7E0FBD43C}
		{361DFE18-7FF6-4CD8-B996-6BD41496699D} = {61F7AFE4-FFE5-4854-BF0E-CA09C2A0EA1F}
		{F068102E-21BE-495F-8D60-40E0E2D29B83} = {594EF6D6-D998-413C-B52A-4BC24E788FDE}
		{BBA525D2-6E35-4E0D-9323-BE7EB322646C} = {07055596-F9DC-4FD7-8EF6-04B3B5E2B0E3}
		{07055596-F9DC-4FD7-8EF6-04B3B5E2B0E3} = {0D3C5DD0-E853-45A1-8775-4F3184D17A03}
		{594EF6D6-D998-413C-B52A-4BC24E788FDE} = {0D3C5DD0-E853-45A1-8775-4F3184D17A03}
		{68B7DDFC-DE68-444F-980F-64C22EA6AD13} = {07055596-F9DC-4FD7-8EF6-04B3B5E2B0E3}
		{366AA15E-19DC-49F1-BB74-5737E85A8C25} = {82C46CC1-189A-4A56-9B0F-82E855036363}
		{E6874EF0-3D6D-4AB7-BD1C-8D96E3FC52C4} = {9ECE5BE1-4D21-434F-9724-D1D41CF7B818}
		{9ECE5BE1-4D21-434F-9724-D1D41CF7B818} = {1A35E525-AD36-4E4F-9ED5-16DAEDDB7420}
		{F02930D6-1041-4168-A1C5-FF34407742DE} = {1A35E525-AD36-4E4F-9ED5-16DAEDDB7420}
		{D85CF151-B225-4951-AA5A-1177EA469627} = {F02930D6-1041-4168-A1C5-FF34407742DE}
		{92DBD5CF-371A-4274-A213-1EE6E59183E4} = {F02930D6-1041-4168-A1C5-FF34407742DE}
	EndGlobalSection
	GlobalSection(ExtensibilityGlobals) = postSolution
		SolutionGuid = {5612CE9C-9B79-426B-9881-F7274AE959DE}
	EndGlobalSection
EndGlobal
